
Microsoft Visual Studio Solution File, Format Version 12.00
# Visual Studio 15
VisualStudioVersion = 15.0.26730.12
MinimumVisualStudioVersion = 10.0.40219.1
Project("{FAE04EC0-301F-11D3-BF4B-00C04F79EFBC}") = "WindowsFormsControlLibraryComponentSansiel", "WindowsFormsControlLibraryComponentSansiel\WindowsFormsControlLibraryComponentSansiel.csproj", "{D73AC696-2EC5-4244-BD3C-4932BD718387}"
EndProject
Project("{FAE04EC0-301F-11D3-BF4B-00C04F79EFBC}") = "WindowsFormsComponentTest", "WindowsFormsComponentTest\WindowsFormsComponentTest.csproj", "{F6149DF1-8769-4DC4-AD78-DD48C1D53066}"
EndProject
Global
	GlobalSection(SolutionConfigurationPlatforms) = preSolution
		Debug|Any CPU = Debug|Any CPU
		Debug|ARM = Debug|ARM
		Debug|x64 = Debug|x64
		Debug|x86 = Debug|x86
		Release|Any CPU = Release|Any CPU
		Release|ARM = Release|ARM
		Release|x64 = Release|x64
		Release|x86 = Release|x86
	EndGlobalSection
	GlobalSection(ProjectConfigurationPlatforms) = postSolution
		{D73AC696-2EC5-4244-BD3C-4932BD718387}.Debug|Any CPU.ActiveCfg = Debug|Any CPU
		{D73AC696-2EC5-4244-BD3C-4932BD718387}.Debug|Any CPU.Build.0 = Debug|Any CPU
		{D73AC696-2EC5-4244-BD3C-4932BD718387}.Debug|ARM.ActiveCfg = Debug|Any CPU
		{D73AC696-2EC5-4244-BD3C-4932BD718387}.Debug|ARM.Build.0 = Debug|Any CPU
		{D73AC696-2EC5-4244-BD3C-4932BD718387}.Debug|x64.ActiveCfg = Debug|Any CPU
		{D73AC696-2EC5-4244-BD3C-4932BD718387}.Debug|x64.Build.0 = Debug|Any CPU
		{D73AC696-2EC5-4244-BD3C-4932BD718387}.Debug|x86.ActiveCfg = Debug|Any CPU
		{D73AC696-2EC5-4244-BD3C-4932BD718387}.Debug|x86.Build.0 = Debug|Any CPU
		{D73AC696-2EC5-4244-BD3C-4932BD718387}.Release|Any CPU.ActiveCfg = Release|Any CPU
		{D73AC696-2EC5-4244-BD3C-4932BD718387}.Release|Any CPU.Build.0 = Release|Any CPU
		{D73AC696-2EC5-4244-BD3C-4932BD718387}.Release|ARM.ActiveCfg = Release|Any CPU
		{D73AC696-2EC5-4244-BD3C-4932BD718387}.Release|ARM.Build.0 = Release|Any CPU
		{D73AC696-2EC5-4244-BD3C-4932BD718387}.Release|x64.ActiveCfg = Release|Any CPU
		{D73AC696-2EC5-4244-BD3C-4932BD718387}.Release|x64.Build.0 = Release|Any CPU
		{D73AC696-2EC5-4244-BD3C-4932BD718387}.Release|x86.ActiveCfg = Release|Any CPU
		{D73AC696-2EC5-4244-BD3C-4932BD718387}.Release|x86.Build.0 = Release|Any CPU
		{F6149DF1-8769-4DC4-AD78-DD48C1D53066}.Debug|Any CPU.ActiveCfg = Debug|Any CPU
		{F6149DF1-8769-4DC4-AD78-DD48C1D53066}.Debug|Any CPU.Build.0 = Debug|Any CPU
		{F6149DF1-8769-4DC4-AD78-DD48C1D53066}.Debug|ARM.ActiveCfg = Debug|Any CPU
		{F6149DF1-8769-4DC4-AD78-DD48C1D53066}.Debug|ARM.Build.0 = Debug|Any CPU
		{F6149DF1-8769-4DC4-AD78-DD48C1D53066}.Debug|x64.ActiveCfg = Debug|Any CPU
		{F6149DF1-8769-4DC4-AD78-DD48C1D53066}.Debug|x64.Build.0 = Debug|Any CPU
		{F6149DF1-8769-4DC4-AD78-DD48C1D53066}.Debug|x86.ActiveCfg = Debug|Any CPU
		{F6149DF1-8769-4DC4-AD78-DD48C1D53066}.Debug|x86.Build.0 = Debug|Any CPU
		{F6149DF1-8769-4DC4-AD78-DD48C1D53066}.Release|Any CPU.ActiveCfg = Release|Any CPU
		{F6149DF1-8769-4DC4-AD78-DD48C1D53066}.Release|Any CPU.Build.0 = Release|Any CPU
		{F6149DF1-8769-4DC4-AD78-DD48C1D53066}.Release|ARM.ActiveCfg = Release|Any CPU
		{F6149DF1-8769-4DC4-AD78-DD48C1D53066}.Release|ARM.Build.0 = Release|Any CPU
		{F6149DF1-8769-4DC4-AD78-DD48C1D53066}.Release|x64.ActiveCfg = Release|Any CPU
		{F6149DF1-8769-4DC4-AD78-DD48C1D53066}.Release|x64.Build.0 = Release|Any CPU
		{F6149DF1-8769-4DC4-AD78-DD48C1D53066}.Release|x86.ActiveCfg = Release|Any CPU
		{F6149DF1-8769-4DC4-AD78-DD48C1D53066}.Release|x86.Build.0 = Release|Any CPU
	EndGlobalSection
	GlobalSection(SolutionProperties) = preSolution
		HideSolutionNode = FALSE
	EndGlobalSection
	GlobalSection(ExtensibilityGlobals) = postSolution
		SolutionGuid = {37C20175-05EB-4338-B7B2-20E26F952B18}
	EndGlobalSection
EndGlobal
